
Microsoft Visual Studio Solution File, Format Version 12.00
# Visual Studio Version 17
VisualStudioVersion = 17.3.32611.2
MinimumVisualStudioVersion = 10.0.40219.1
Project("{FAE04EC0-301F-11D3-BF4B-00C04F79EFBC}") = "OrianaSupportBackend", "OrianaSupportBackend\OrianaSupportBackend.csproj", "{BAC0354F-209C-412D-8B2A-DFAFF97563FD}"
EndProject
Project("{FAE04EC0-301F-11D3-BF4B-00C04F79EFBC}") = "Business", "Business\Business.csproj", "{6B3AA00E-03FB-4EB9-9E07-679D25B46114}"
EndProject
Project("{FAE04EC0-301F-11D3-BF4B-00C04F79EFBC}") = "Core", "Core\Core.csproj", "{6309F563-079D-4660-A0C9-BEE3D1B7A0A2}"
EndProject
Project("{FAE04EC0-301F-11D3-BF4B-00C04F79EFBC}") = "DataAccess", "DataAccess\DataAccess.csproj", "{76C4D344-1DCD-4523-8442-1075F1571B2A}"
EndProject
Project("{FAE04EC0-301F-11D3-BF4B-00C04F79EFBC}") = "Entities", "Entities\Entities.csproj", "{6528DF99-FB55-4947-8324-468866D80CD8}"
EndProject
Global
	GlobalSection(SolutionConfigurationPlatforms) = preSolution
		Debug|Any CPU = Debug|Any CPU
		Release|Any CPU = Release|Any CPU
	EndGlobalSection
	GlobalSection(ProjectConfigurationPlatforms) = postSolution
		{BAC0354F-209C-412D-8B2A-DFAFF97563FD}.Debug|Any CPU.ActiveCfg = Debug|Any CPU
		{BAC0354F-209C-412D-8B2A-DFAFF97563FD}.Debug|Any CPU.Build.0 = Debug|Any CPU
		{BAC0354F-209C-412D-8B2A-DFAFF97563FD}.Release|Any CPU.ActiveCfg = Release|Any CPU
		{BAC0354F-209C-412D-8B2A-DFAFF97563FD}.Release|Any CPU.Build.0 = Release|Any CPU
		{6B3AA00E-03FB-4EB9-9E07-679D25B46114}.Debug|Any CPU.ActiveCfg = Debug|Any CPU
		{6B3AA00E-03FB-4EB9-9E07-679D25B46114}.Debug|Any CPU.Build.0 = Debug|Any CPU
		{6B3AA00E-03FB-4EB9-9E07-679D25B46114}.Release|Any CPU.ActiveCfg = Release|Any CPU
		{6B3AA00E-03FB-4EB9-9E07-679D25B46114}.Release|Any CPU.Build.0 = Release|Any CPU
		{6309F563-079D-4660-A0C9-BEE3D1B7A0A2}.Debug|Any CPU.ActiveCfg = Debug|Any CPU
		{6309F563-079D-4660-A0C9-BEE3D1B7A0A2}.Debug|Any CPU.Build.0 = Debug|Any CPU
		{6309F563-079D-4660-A0C9-BEE3D1B7A0A2}.Release|Any CPU.ActiveCfg = Release|Any CPU
		{6309F563-079D-4660-A0C9-BEE3D1B7A0A2}.Release|Any CPU.Build.0 = Release|Any CPU
		{76C4D344-1DCD-4523-8442-1075F1571B2A}.Debug|Any CPU.ActiveCfg = Debug|Any CPU
		{76C4D344-1DCD-4523-8442-1075F1571B2A}.Debug|Any CPU.Build.0 = Debug|Any CPU
		{76C4D344-1DCD-4523-8442-1075F1571B2A}.Release|Any CPU.ActiveCfg = Release|Any CPU
		{76C4D344-1DCD-4523-8442-1075F1571B2A}.Release|Any CPU.Build.0 = Release|Any CPU
		{6528DF99-FB55-4947-8324-468866D80CD8}.Debug|Any CPU.ActiveCfg = Debug|Any CPU
		{6528DF99-FB55-4947-8324-468866D80CD8}.Debug|Any CPU.Build.0 = Debug|Any CPU
		{6528DF99-FB55-4947-8324-468866D80CD8}.Release|Any CPU.ActiveCfg = Release|Any CPU
		{6528DF99-FB55-4947-8324-468866D80CD8}.Release|Any CPU.Build.0 = Release|Any CPU
	EndGlobalSection
	GlobalSection(SolutionProperties) = preSolution
		HideSolutionNode = FALSE
	EndGlobalSection
	GlobalSection(ExtensibilityGlobals) = postSolution
		SolutionGuid = {5D454E91-C4A7-4714-A7C1-EBE2131D0FD2}
	EndGlobalSection
EndGlobal
